
Microsoft Visual Studio Solution File, Format Version 12.00
# Visual Studio 14
VisualStudioVersion = 14.0.23107.0
MinimumVisualStudioVersion = 10.0.40219.1
Project("{FAE04EC0-301F-11D3-BF4B-00C04F79EFBC}") = "AutoGetHashCode", "AutoGetHashCode\AutoGetHashCode.csproj", "{E2FC45DA-C0F0-4E82-B441-B6D9CA9568B2}"
EndProject
Project("{FAE04EC0-301F-11D3-BF4B-00C04F79EFBC}") = "TestAutoGetHashCode", "TestAutoGetHashCode\TestAutoGetHashCode.csproj", "{EBC6B71D-E42B-4684-B02B-C3F1FAE8BE63}"
EndProject
Project("{FAE04EC0-301F-11D3-BF4B-00C04F79EFBC}") = "Geometry", "Geometry\Geometry.csproj", "{E0515805-ACE5-4FFD-87F5-968E9099BCCF}"
EndProject
Project("{FAE04EC0-301F-11D3-BF4B-00C04F79EFBC}") = "GeometryTests", "GeometryTests\GeometryTests.csproj", "{7AF83B11-00D8-44E3-BD78-E1A9A70DE8FE}"
EndProject
Global
	GlobalSection(SolutionConfigurationPlatforms) = preSolution
		Debug|Any CPU = Debug|Any CPU
		Release|Any CPU = Release|Any CPU
	EndGlobalSection
	GlobalSection(ProjectConfigurationPlatforms) = postSolution
		{E2FC45DA-C0F0-4E82-B441-B6D9CA9568B2}.Debug|Any CPU.ActiveCfg = Debug|Any CPU
		{E2FC45DA-C0F0-4E82-B441-B6D9CA9568B2}.Debug|Any CPU.Build.0 = Debug|Any CPU
		{E2FC45DA-C0F0-4E82-B441-B6D9CA9568B2}.Release|Any CPU.ActiveCfg = Release|Any CPU
		{E2FC45DA-C0F0-4E82-B441-B6D9CA9568B2}.Release|Any CPU.Build.0 = Release|Any CPU
		{EBC6B71D-E42B-4684-B02B-C3F1FAE8BE63}.Debug|Any CPU.ActiveCfg = Debug|Any CPU
		{EBC6B71D-E42B-4684-B02B-C3F1FAE8BE63}.Debug|Any CPU.Build.0 = Debug|Any CPU
		{EBC6B71D-E42B-4684-B02B-C3F1FAE8BE63}.Release|Any CPU.ActiveCfg = Release|Any CPU
		{EBC6B71D-E42B-4684-B02B-C3F1FAE8BE63}.Release|Any CPU.Build.0 = Release|Any CPU
		{E0515805-ACE5-4FFD-87F5-968E9099BCCF}.Debug|Any CPU.ActiveCfg = Debug|Any CPU
		{E0515805-ACE5-4FFD-87F5-968E9099BCCF}.Debug|Any CPU.Build.0 = Debug|Any CPU
		{E0515805-ACE5-4FFD-87F5-968E9099BCCF}.Release|Any CPU.ActiveCfg = Release|Any CPU
		{E0515805-ACE5-4FFD-87F5-968E9099BCCF}.Release|Any CPU.Build.0 = Release|Any CPU
		{7AF83B11-00D8-44E3-BD78-E1A9A70DE8FE}.Debug|Any CPU.ActiveCfg = Debug|Any CPU
		{7AF83B11-00D8-44E3-BD78-E1A9A70DE8FE}.Debug|Any CPU.Build.0 = Debug|Any CPU
		{7AF83B11-00D8-44E3-BD78-E1A9A70DE8FE}.Release|Any CPU.ActiveCfg = Release|Any CPU
		{7AF83B11-00D8-44E3-BD78-E1A9A70DE8FE}.Release|Any CPU.Build.0 = Release|Any CPU
	EndGlobalSection
	GlobalSection(SolutionProperties) = preSolution
		HideSolutionNode = FALSE
	EndGlobalSection
EndGlobal
